// !$*UTF8*$!
{
	archiveVersion = 1;
	classes = {
	};
	objectVersion = 56;
	objects = {

/* Begin PBXBuildFile section */
		BB4242C52AE1183E00ABBEA9 /* RingoMenu in Frameworks */ = {isa = PBXBuildFile; productRef = BB4242C42AE1183E00ABBEA9 /* RingoMenu */; };
		BB7DE9F72AD660B600A62380 /* RingoMenuDemoApp.swift in Sources */ = {isa = PBXBuildFile; fileRef = BB7DE9F62AD660B600A62380 /* RingoMenuDemoApp.swift */; };
		BB7DE9FB2AD660B700A62380 /* Assets.xcassets in Resources */ = {isa = PBXBuildFile; fileRef = BB7DE9FA2AD660B700A62380 /* Assets.xcassets */; };
		BB7DE9FE2AD660B700A62380 /* Preview Assets.xcassets in Resources */ = {isa = PBXBuildFile; fileRef = BB7DE9FD2AD660B700A62380 /* Preview Assets.xcassets */; };
		BB7DEA0A2AD66BD800A62380 /* UIViewControllerAdaptor.swift in Sources */ = {isa = PBXBuildFile; fileRef = BB7DEA092AD66BD800A62380 /* UIViewControllerAdaptor.swift */; };
		BB7DEA0C2AD66C1E00A62380 /* DemoViewController.swift in Sources */ = {isa = PBXBuildFile; fileRef = BB7DEA0B2AD66C1E00A62380 /* DemoViewController.swift */; };
		BBE289CA2AE2664200397F50 /* DemoSwiftUIView.swift in Sources */ = {isa = PBXBuildFile; fileRef = BBE289C92AE2664200397F50 /* DemoSwiftUIView.swift */; };
/* End PBXBuildFile section */

/* Begin PBXFileReference section */
		BB7DE9F32AD660B600A62380 /* RingoMenuDemo.app */ = {isa = PBXFileReference; explicitFileType = wrapper.application; includeInIndex = 0; path = RingoMenuDemo.app; sourceTree = BUILT_PRODUCTS_DIR; };
		BB7DE9F62AD660B600A62380 /* RingoMenuDemoApp.swift */ = {isa = PBXFileReference; lastKnownFileType = sourcecode.swift; path = RingoMenuDemoApp.swift; sourceTree = "<group>"; };
		BB7DE9FA2AD660B700A62380 /* Assets.xcassets */ = {isa = PBXFileReference; lastKnownFileType = folder.assetcatalog; path = Assets.xcassets; sourceTree = "<group>"; };
		BB7DE9FD2AD660B700A62380 /* Preview Assets.xcassets */ = {isa = PBXFileReference; lastKnownFileType = folder.assetcatalog; path = "Preview Assets.xcassets"; sourceTree = "<group>"; };
		BB7DEA052AD660C400A62380 /* RingoMenu */ = {isa = PBXFileReference; lastKnownFileType = wrapper; name = RingoMenu; path = ..; sourceTree = "<group>"; };
		BB7DEA092AD66BD800A62380 /* UIViewControllerAdaptor.swift */ = {isa = PBXFileReference; lastKnownFileType = sourcecode.swift; path = UIViewControllerAdaptor.swift; sourceTree = "<group>"; };
		BB7DEA0B2AD66C1E00A62380 /* DemoViewController.swift */ = {isa = PBXFileReference; lastKnownFileType = sourcecode.swift; path = DemoViewController.swift; sourceTree = "<group>"; };
		BBE289C92AE2664200397F50 /* DemoSwiftUIView.swift */ = {isa = PBXFileReference; lastKnownFileType = sourcecode.swift; path = DemoSwiftUIView.swift; sourceTree = "<group>"; };
/* End PBXFileReference section */

/* Begin PBXFrameworksBuildPhase section */
		BB7DE9F02AD660B600A62380 /* Frameworks */ = {
			isa = PBXFrameworksBuildPhase;
			buildActionMask = 2147483647;
			files = (
				BB4242C52AE1183E00ABBEA9 /* RingoMenu in Frameworks */,
			);
			runOnlyForDeploymentPostprocessing = 0;
		};
/* End PBXFrameworksBuildPhase section */

/* Begin PBXGroup section */
		BB7DE9EA2AD660B600A62380 = {
			isa = PBXGroup;
			children = (
				BB7DEA042AD660C400A62380 /* Packages */,
				BB7DE9F52AD660B600A62380 /* RingoMenuDemo */,
				BB7DE9F42AD660B600A62380 /* Products */,
				BB7DEA062AD660F900A62380 /* Frameworks */,
			);
			sourceTree = "<group>";
		};
		BB7DE9F42AD660B600A62380 /* Products */ = {
			isa = PBXGroup;
			children = (
				BB7DE9F32AD660B600A62380 /* RingoMenuDemo.app */,
			);
			name = Products;
			sourceTree = "<group>";
		};
		BB7DE9F52AD660B600A62380 /* RingoMenuDemo */ = {
			isa = PBXGroup;
			children = (
				BB7DE9F62AD660B600A62380 /* RingoMenuDemoApp.swift */,
				BB7DEA092AD66BD800A62380 /* UIViewControllerAdaptor.swift */,
				BB7DEA0B2AD66C1E00A62380 /* DemoViewController.swift */,
				BBE289C92AE2664200397F50 /* DemoSwiftUIView.swift */,
				BB7DE9FA2AD660B700A62380 /* Assets.xcassets */,
				BB7DE9FC2AD660B700A62380 /* Preview Content */,
			);
			path = RingoMenuDemo;
			sourceTree = "<group>";
		};
		BB7DE9FC2AD660B700A62380 /* Preview Content */ = {
			isa = PBXGroup;
			children = (
				BB7DE9FD2AD660B700A62380 /* Preview Assets.xcassets */,
			);
			path = "Preview Content";
			sourceTree = "<group>";
		};
		BB7DEA042AD660C400A62380 /* Packages */ = {
			isa = PBXGroup;
			children = (
				BB7DEA052AD660C400A62380 /* RingoMenu */,
			);
			name = Packages;
			sourceTree = "<group>";
		};
		BB7DEA062AD660F900A62380 /* Frameworks */ = {
			isa = PBXGroup;
			children = (
			);
			name = Frameworks;
			sourceTree = "<group>";
		};
/* End PBXGroup section */

/* Begin PBXNativeTarget section */
		BB7DE9F22AD660B600A62380 /* RingoMenuDemo */ = {
			isa = PBXNativeTarget;
			buildConfigurationList = BB7DEA012AD660B700A62380 /* Build configuration list for PBXNativeTarget "RingoMenuDemo" */;
			buildPhases = (
				BB7DE9EF2AD660B600A62380 /* Sources */,
				BB7DE9F02AD660B600A62380 /* Frameworks */,
				BB7DE9F12AD660B600A62380 /* Resources */,
			);
			buildRules = (
			);
			dependencies = (
			);
			name = RingoMenuDemo;
			packageProductDependencies = (
				BB4242C42AE1183E00ABBEA9 /* RingoMenu */,
			);
			productName = RingoMenuDemo;
			productReference = BB7DE9F32AD660B600A62380 /* RingoMenuDemo.app */;
			productType = "com.apple.product-type.application";
		};
/* End PBXNativeTarget section */

/* Begin PBXProject section */
		BB7DE9EB2AD660B600A62380 /* Project object */ = {
			isa = PBXProject;
			attributes = {
				BuildIndependentTargetsInParallel = 1;
				LastSwiftUpdateCheck = 1430;
				LastUpgradeCheck = 1430;
				TargetAttributes = {
					BB7DE9F22AD660B600A62380 = {
						CreatedOnToolsVersion = 14.3.1;
					};
				};
			};
			buildConfigurationList = BB7DE9EE2AD660B600A62380 /* Build configuration list for PBXProject "RingoMenuDemo" */;
			compatibilityVersion = "Xcode 14.0";
			developmentRegion = en;
			hasScannedForEncodings = 0;
			knownRegions = (
				en,
				Base,
			);
			mainGroup = BB7DE9EA2AD660B600A62380;
			productRefGroup = BB7DE9F42AD660B600A62380 /* Products */;
			projectDirPath = "";
			projectRoot = "";
			targets = (
				BB7DE9F22AD660B600A62380 /* RingoMenuDemo */,
			);
		};
/* End PBXProject section */

/* Begin PBXResourcesBuildPhase section */
		BB7DE9F12AD660B600A62380 /* Resources */ = {
			isa = PBXResourcesBuildPhase;
			buildActionMask = 2147483647;
			files = (
				BB7DE9FE2AD660B700A62380 /* Preview Assets.xcassets in Resources */,
				BB7DE9FB2AD660B700A62380 /* Assets.xcassets in Resources */,
			);
			runOnlyForDeploymentPostprocessing = 0;
		};
/* End PBXResourcesBuildPhase section */

/* Begin PBXSourcesBuildPhase section */
		BB7DE9EF2AD660B600A62380 /* Sources */ = {
			isa = PBXSourcesBuildPhase;
			buildActionMask = 2147483647;
			files = (
				BB7DEA0A2AD66BD800A62380 /* UIViewControllerAdaptor.swift in Sources */,
				BB7DE9F72AD660B600A62380 /* RingoMenuDemoApp.swift in Sources */,
				BB7DEA0C2AD66C1E00A62380 /* DemoViewController.swift in Sources */,
				BBE289CA2AE2664200397F50 /* DemoSwiftUIView.swift in Sources */,
			);
			runOnlyForDeploymentPostprocessing = 0;
		};
/* End PBXSourcesBuildPhase section */

/* Begin XCBuildConfiguration section */
		BB7DE9FF2AD660B700A62380 /* Debug */ = {
			isa = XCBuildConfiguration;
			buildSettings = {
				ALWAYS_SEARCH_USER_PATHS = NO;
				CLANG_ANALYZER_NONNULL = YES;
				CLANG_ANALYZER_NUMBER_OBJECT_CONVERSION = YES_AGGRESSIVE;
				CLANG_CXX_LANGUAGE_STANDARD = "gnu++20";
				CLANG_ENABLE_MODULES = YES;
				CLANG_ENABLE_OBJC_ARC = YES;
				CLANG_ENABLE_OBJC_WEAK = YES;
				CLANG_WARN_BLOCK_CAPTURE_AUTORELEASING = YES;
				CLANG_WARN_BOOL_CONVERSION = YES;
				CLANG_WARN_COMMA = YES;
				CLANG_WARN_CONSTANT_CONVERSION = YES;
				CLANG_WARN_DEPRECATED_OBJC_IMPLEMENTATIONS = YES;
				CLANG_WARN_DIRECT_OBJC_ISA_USAGE = YES_ERROR;
				CLANG_WARN_DOCUMENTATION_COMMENTS = YES;
				CLANG_WARN_EMPTY_BODY = YES;
				CLANG_WARN_ENUM_CONVERSION = YES;
				CLANG_WARN_INFINITE_RECURSION = YES;
				CLANG_WARN_INT_CONVERSION = YES;
				CLANG_WARN_NON_LITERAL_NULL_CONVERSION = YES;
				CLANG_WARN_OBJC_IMPLICIT_RETAIN_SELF = YES;
				CLANG_WARN_OBJC_LITERAL_CONVERSION = YES;
				CLANG_WARN_OBJC_ROOT_CLASS = YES_ERROR;
				CLANG_WARN_QUOTED_INCLUDE_IN_FRAMEWORK_HEADER = YES;
				CLANG_WARN_RANGE_LOOP_ANALYSIS = YES;
				CLANG_WARN_STRICT_PROTOTYPES = YES;
				CLANG_WARN_SUSPICIOUS_MOVE = YES;
				CLANG_WARN_UNGUARDED_AVAILABILITY = YES_AGGRESSIVE;
				CLANG_WARN_UNREACHABLE_CODE = YES;
				CLANG_WARN__DUPLICATE_METHOD_MATCH = YES;
				COPY_PHASE_STRIP = NO;
				DEBUG_INFORMATION_FORMAT = dwarf;
				ENABLE_STRICT_OBJC_MSGSEND = YES;
				ENABLE_TESTABILITY = YES;
				GCC_C_LANGUAGE_STANDARD = gnu11;
				GCC_DYNAMIC_NO_PIC = NO;
				GCC_NO_COMMON_BLOCKS = YES;
				GCC_OPTIMIZATION_LEVEL = 0;
				GCC_PREPROCESSOR_DEFINITIONS = (
					"DEBUG=1",
					"$(inherited)",
				);
				GCC_WARN_64_TO_32_BIT_CONVERSION = YES;
				GCC_WARN_ABOUT_RETURN_TYPE = YES_ERROR;
				GCC_WARN_UNDECLARED_SELECTOR = YES;
				GCC_WARN_UNINITIALIZED_AUTOS = YES_AGGRESSIVE;
				GCC_WARN_UNUSED_FUNCTION = YES;
				GCC_WARN_UNUSED_VARIABLE = YES;
				IPHONEOS_DEPLOYMENT_TARGET = 16.4;
				MTL_ENABLE_DEBUG_INFO = INCLUDE_SOURCE;
				MTL_FAST_MATH = YES;
				ONLY_ACTIVE_ARCH = YES;
				SDKROOT = iphoneos;
				SWIFT_ACTIVE_COMPILATION_CONDITIONS = DEBUG;
				SWIFT_OPTIMIZATION_LEVEL = "-Onone";
			};
			name = Debug;
		};
		BB7DEA002AD660B700A62380 /* Release */ = {
			isa = XCBuildConfiguration;
			buildSettings = {
				ALWAYS_SEARCH_USER_PATHS = NO;
				CLANG_ANALYZER_NONNULL = YES;
				CLANG_ANALYZER_NUMBER_OBJECT_CONVERSION = YES_AGGRESSIVE;
				CLANG_CXX_LANGUAGE_STANDARD = "gnu++20";
				CLANG_ENABLE_MODULES = YES;
				CLANG_ENABLE_OBJC_ARC = YES;
				CLANG_ENABLE_OBJC_WEAK = YES;
				CLANG_WARN_BLOCK_CAPTURE_AUTORELEASING = YES;
				CLANG_WARN_BOOL_CONVERSION = YES;
				CLANG_WARN_COMMA = YES;
				CLANG_WARN_CONSTANT_CONVERSION = YES;
				CLANG_WARN_DEPRECATED_OBJC_IMPLEMENTATIONS = YES;
				CLANG_WARN_DIRECT_OBJC_ISA_USAGE = YES_ERROR;
				CLANG_WARN_DOCUMENTATION_COMMENTS = YES;
				CLANG_WARN_EMPTY_BODY = YES;
				CLANG_WARN_ENUM_CONVERSION = YES;
				CLANG_WARN_INFINITE_RECURSION = YES;
				CLANG_WARN_INT_CONVERSION = YES;
				CLANG_WARN_NON_LITERAL_NULL_CONVERSION = YES;
				CLANG_WARN_OBJC_IMPLICIT_RETAIN_SELF = YES;
				CLANG_WARN_OBJC_LITERAL_CONVERSION = YES;
				CLANG_WARN_OBJC_ROOT_CLASS = YES_ERROR;
				CLANG_WARN_QUOTED_INCLUDE_IN_FRAMEWORK_HEADER = YES;
				CLANG_WARN_RANGE_LOOP_ANALYSIS = YES;
				CLANG_WARN_STRICT_PROTOTYPES = YES;
				CLANG_WARN_SUSPICIOUS_MOVE = YES;
				CLANG_WARN_UNGUARDED_AVAILABILITY = YES_AGGRESSIVE;
				CLANG_WARN_UNREACHABLE_CODE = YES;
				CLANG_WARN__DUPLICATE_METHOD_MATCH = YES;
				COPY_PHASE_STRIP = NO;
				DEBUG_INFORMATION_FORMAT = "dwarf-with-dsym";
				ENABLE_NS_ASSERTIONS = NO;
				ENABLE_STRICT_OBJC_MSGSEND = YES;
				GCC_C_LANGUAGE_STANDARD = gnu11;
				GCC_NO_COMMON_BLOCKS = YES;
				GCC_WARN_64_TO_32_BIT_CONVERSION = YES;
				GCC_WARN_ABOUT_RETURN_TYPE = YES_ERROR;
				GCC_WARN_UNDECLARED_SELECTOR = YES;
				GCC_WARN_UNINITIALIZED_AUTOS = YES_AGGRESSIVE;
				GCC_WARN_UNUSED_FUNCTION = YES;
				GCC_WARN_UNUSED_VARIABLE = YES;
				IPHONEOS_DEPLOYMENT_TARGET = 16.4;
				MTL_ENABLE_DEBUG_INFO = NO;
				MTL_FAST_MATH = YES;
				SDKROOT = iphoneos;
				SWIFT_COMPILATION_MODE = wholemodule;
				SWIFT_OPTIMIZATION_LEVEL = "-O";
				VALIDATE_PRODUCT = YES;
			};
			name = Release;
		};
		BB7DEA022AD660B700A62380 /* Debug */ = {
			isa = XCBuildConfiguration;
			buildSettings = {
				ASSETCATALOG_COMPILER_APPICON_NAME = AppIcon;
				ASSETCATALOG_COMPILER_GLOBAL_ACCENT_COLOR_NAME = AccentColor;
				CODE_SIGN_IDENTITY = "Apple Development";
				CODE_SIGN_STYLE = Automatic;
				CURRENT_PROJECT_VERSION = 1;
				DEVELOPMENT_ASSET_PATHS = "\"RingoMenuDemo/Preview Content\"";
				DEVELOPMENT_TEAM = HVL7839YB5;
				ENABLE_PREVIEWS = YES;
				GENERATE_INFOPLIST_FILE = YES;
				INFOPLIST_KEY_UIApplicationSceneManifest_Generation = YES;
				INFOPLIST_KEY_UIApplicationSupportsIndirectInputEvents = YES;
				INFOPLIST_KEY_UILaunchScreen_Generation = YES;
				INFOPLIST_KEY_UISupportedInterfaceOrientations_iPad = "UIInterfaceOrientationPortrait UIInterfaceOrientationPortraitUpsideDown UIInterfaceOrientationLandscapeLeft UIInterfaceOrientationLandscapeRight";
				INFOPLIST_KEY_UISupportedInterfaceOrientations_iPhone = "UIInterfaceOrientationPortrait UIInterfaceOrientationLandscapeLeft UIInterfaceOrientationLandscapeRight";
				LD_RUNPATH_SEARCH_PATHS = (
					"$(inherited)",
					"@executable_path/Frameworks",
				);
				MARKETING_VERSION = 1.0;
				PRODUCT_BUNDLE_IDENTIFIER = com.lumisilk.RingoMenuDemo;
				PRODUCT_NAME = "$(TARGET_NAME)";
				PROVISIONING_PROFILE_SPECIFIER = "";
				SWIFT_EMIT_LOC_STRINGS = YES;
				SWIFT_VERSION = 5.0;
				TARGETED_DEVICE_FAMILY = "1,2";
			};
			name = Debug;
		};
		BB7DEA032AD660B700A62380 /* Release */ = {
			isa = XCBuildConfiguration;
			buildSettings = {
				ASSETCATALOG_COMPILER_APPICON_NAME = AppIcon;
				ASSETCATALOG_COMPILER_GLOBAL_ACCENT_COLOR_NAME = AccentColor;
				CODE_SIGN_IDENTITY = "Apple Development";
				CODE_SIGN_STYLE = Automatic;
				CURRENT_PROJECT_VERSION = 1;
				DEVELOPMENT_ASSET_PATHS = "\"RingoMenuDemo/Preview Content\"";
				DEVELOPMENT_TEAM = HVL7839YB5;
				ENABLE_PREVIEWS = YES;
				GENERATE_INFOPLIST_FILE = YES;
				INFOPLIST_KEY_UIApplicationSceneManifest_Generation = YES;
				INFOPLIST_KEY_UIApplicationSupportsIndirectInputEvents = YES;
				INFOPLIST_KEY_UILaunchScreen_Generation = YES;
				INFOPLIST_KEY_UISupportedInterfaceOrientations_iPad = "UIInterfaceOrientationPortrait UIInterfaceOrientationPortraitUpsideDown UIInterfaceOrientationLandscapeLeft UIInterfaceOrientationLandscapeRight";
				INFOPLIST_KEY_UISupportedInterfaceOrientations_iPhone = "UIInterfaceOrientationPortrait UIInterfaceOrientationLandscapeLeft UIInterfaceOrientationLandscapeRight";
				LD_RUNPATH_SEARCH_PATHS = (
					"$(inherited)",
					"@executable_path/Frameworks",
				);
				MARKETING_VERSION = 1.0;
				PRODUCT_BUNDLE_IDENTIFIER = com.lumisilk.RingoMenuDemo;
				PRODUCT_NAME = "$(TARGET_NAME)";
				PROVISIONING_PROFILE_SPECIFIER = "";
				SWIFT_EMIT_LOC_STRINGS = YES;
				SWIFT_VERSION = 5.0;
				TARGETED_DEVICE_FAMILY = "1,2";
			};
			name = Release;
		};
/* End XCBuildConfiguration section */

/* Begin XCConfigurationList section */
		BB7DE9EE2AD660B600A62380 /* Build configuration list for PBXProject "RingoMenuDemo" */ = {
			isa = XCConfigurationList;
			buildConfigurations = (
				BB7DE9FF2AD660B700A62380 /* Debug */,
				BB7DEA002AD660B700A62380 /* Release */,
			);
			defaultConfigurationIsVisible = 0;
			defaultConfigurationName = Release;
		};
		BB7DEA012AD660B700A62380 /* Build configuration list for PBXNativeTarget "RingoMenuDemo" */ = {
			isa = XCConfigurationList;
			buildConfigurations = (
				BB7DEA022AD660B700A62380 /* Debug */,
				BB7DEA032AD660B700A62380 /* Release */,
			);
			defaultConfigurationIsVisible = 0;
			defaultConfigurationName = Release;
		};
/* End XCConfigurationList section */

/* Begin XCSwiftPackageProductDependency section */
		BB4242C42AE1183E00ABBEA9 /* RingoMenu */ = {
			isa = XCSwiftPackageProductDependency;
			productName = RingoMenu;
		};
/* End XCSwiftPackageProductDependency section */
	};
	rootObject = BB7DE9EB2AD660B600A62380 /* Project object */;
}
